// !$*UTF8*$!
{
	archiveVersion = 1;
	classes = {
	};
	objectVersion = 56;
	objects = {

/* Begin PBXBuildFile section */
		A05D312264026404271E5366 /* Pods_JSanchezEcommerce.framework in Frameworks */ = {isa = PBXBuildFile; fileRef = FD43E8199C7957640028E010 /* Pods_JSanchezEcommerce.framework */; };
		E3219D1E295F51A700EEF1B3 /* ProductoTableViewCell.swift in Sources */ = {isa = PBXBuildFile; fileRef = E3219D1C295F51A700EEF1B3 /* ProductoTableViewCell.swift */; };
		E3219D1F295F51A700EEF1B3 /* ProductoTableViewCell.xib in Resources */ = {isa = PBXBuildFile; fileRef = E3219D1D295F51A700EEF1B3 /* ProductoTableViewCell.xib */; };
		E3219D21295F53D500EEF1B3 /* GetALLTableViewController.swift in Sources */ = {isa = PBXBuildFile; fileRef = E3219D20295F53D500EEF1B3 /* GetALLTableViewController.swift */; };
		E325FBDF29673A0500656F3C /* DepartamentoTableViewCell.swift in Sources */ = {isa = PBXBuildFile; fileRef = E325FBDD29673A0500656F3C /* DepartamentoTableViewCell.swift */; };
		E325FBE029673A0500656F3C /* DepartamentoTableViewCell.xib in Resources */ = {isa = PBXBuildFile; fileRef = E325FBDE29673A0500656F3C /* DepartamentoTableViewCell.xib */; };
		E325FBE429673AB500656F3C /* GetALLDepartamentoTableViewController.swift in Sources */ = {isa = PBXBuildFile; fileRef = E325FBE329673AB500656F3C /* GetALLDepartamentoTableViewController.swift */; };
		E325FBE62967430D00656F3C /* DepartamentoViewModel.swift in Sources */ = {isa = PBXBuildFile; fileRef = E325FBE52967430D00656F3C /* DepartamentoViewModel.swift */; };
		E33CCEB8296C9D2300D181D5 /* GoogleService-Info.plist in Resources */ = {isa = PBXBuildFile; fileRef = E33CCEB7296C9D2300D181D5 /* GoogleService-Info.plist */; };
		E33DBE4329676BB300D2BCC8 /* UsuarioTableViewCell.swift in Sources */ = {isa = PBXBuildFile; fileRef = E33DBE4129676BB300D2BCC8 /* UsuarioTableViewCell.swift */; };
		E33DBE4429676BB300D2BCC8 /* UsuarioTableViewCell.xib in Resources */ = {isa = PBXBuildFile; fileRef = E33DBE4229676BB300D2BCC8 /* UsuarioTableViewCell.xib */; };
		E33DBE4629676FBE00D2BCC8 /* UsuarioViewModel.swift in Sources */ = {isa = PBXBuildFile; fileRef = E33DBE4529676FBE00D2BCC8 /* UsuarioViewModel.swift */; };
		E33DBE482967701600D2BCC8 /* UsuarioViewController.swift in Sources */ = {isa = PBXBuildFile; fileRef = E33DBE472967701600D2BCC8 /* UsuarioViewController.swift */; };
		E33DBE4A2967704D00D2BCC8 /* GetALLUsuarioTableViewController.swift in Sources */ = {isa = PBXBuildFile; fileRef = E33DBE492967704D00D2BCC8 /* GetALLUsuarioTableViewController.swift */; };
		E33DBE4C29679BA700D2BCC8 /* User.swift in Sources */ = {isa = PBXBuildFile; fileRef = E33DBE4B29679BA700D2BCC8 /* User.swift */; };
		E33DBE4E29679BB300D2BCC8 /* Rol.swift in Sources */ = {isa = PBXBuildFile; fileRef = E33DBE4D29679BB300D2BCC8 /* Rol.swift */; };
		E34B2C1F296738F0007002A9 /* DepartamentoViewController.swift in Sources */ = {isa = PBXBuildFile; fileRef = E34B2C1E296738F0007002A9 /* DepartamentoViewController.swift */; };
		E3518082295CCFD600488241 /* Producto.swift in Sources */ = {isa = PBXBuildFile; fileRef = E3518081295CCFD600488241 /* Producto.swift */; };
		E3518084295CCFEA00488241 /* Result.swift in Sources */ = {isa = PBXBuildFile; fileRef = E3518083295CCFEA00488241 /* Result.swift */; };
		E3518086295CD09700488241 /* Proveedor.swift in Sources */ = {isa = PBXBuildFile; fileRef = E3518085295CD09700488241 /* Proveedor.swift */; };
		E3518088295CD0A600488241 /* Departamento.swift in Sources */ = {isa = PBXBuildFile; fileRef = E3518087295CD0A600488241 /* Departamento.swift */; };
		E351808A295CD0B000488241 /* Area.swift in Sources */ = {isa = PBXBuildFile; fileRef = E3518089295CD0B000488241 /* Area.swift */; };
		E351808C295CD44B00488241 /* ProductoViewModel.swift in Sources */ = {isa = PBXBuildFile; fileRef = E351808B295CD44B00488241 /* ProductoViewModel.swift */; };
		E364FB84296CC58300ED365C /* LoginViewController.swift in Sources */ = {isa = PBXBuildFile; fileRef = E364FB83296CC58300ED365C /* LoginViewController.swift */; };
		E38D26F2295BC21400FFA829 /* AppDelegate.swift in Sources */ = {isa = PBXBuildFile; fileRef = E38D26F1295BC21400FFA829 /* AppDelegate.swift */; };
		E38D26F4295BC21400FFA829 /* SceneDelegate.swift in Sources */ = {isa = PBXBuildFile; fileRef = E38D26F3295BC21400FFA829 /* SceneDelegate.swift */; };
		E38D26F6295BC21400FFA829 /* ProductoViewController.swift in Sources */ = {isa = PBXBuildFile; fileRef = E38D26F5295BC21400FFA829 /* ProductoViewController.swift */; };
		E38D26F9295BC21400FFA829 /* Main.storyboard in Resources */ = {isa = PBXBuildFile; fileRef = E38D26F7295BC21400FFA829 /* Main.storyboard */; };
		E38D26FC295BC21400FFA829 /* JSanchezEcommerce.xcdatamodeld in Sources */ = {isa = PBXBuildFile; fileRef = E38D26FA295BC21400FFA829 /* JSanchezEcommerce.xcdatamodeld */; };
		E38D26FE295BC21500FFA829 /* Assets.xcassets in Resources */ = {isa = PBXBuildFile; fileRef = E38D26FD295BC21500FFA829 /* Assets.xcassets */; };
		E38D2701295BC21500FFA829 /* LaunchScreen.storyboard in Resources */ = {isa = PBXBuildFile; fileRef = E38D26FF295BC21500FFA829 /* LaunchScreen.storyboard */; };
		E38D270D295BC2B600FFA829 /* DB.swift in Sources */ = {isa = PBXBuildFile; fileRef = E38D270C295BC2B600FFA829 /* DB.swift */; };
		E3A2F37E297087AA007124BA /* GetAllAreaCollectionViewController.swift in Sources */ = {isa = PBXBuildFile; fileRef = E3A2F37D297087AA007124BA /* GetAllAreaCollectionViewController.swift */; };
		E3A2F380297088F2007124BA /* GetByIdProductosCollectionViewController.swift in Sources */ = {isa = PBXBuildFile; fileRef = E3A2F37F297088F2007124BA /* GetByIdProductosCollectionViewController.swift */; };
		E3A2F38229708C18007124BA /* GetByIdDepartamentosCollectionViewController.swift in Sources */ = {isa = PBXBuildFile; fileRef = E3A2F38129708C18007124BA /* GetByIdDepartamentosCollectionViewController.swift */; };
		E3AB819029706D7D00A0843A /* DepartamentoCollectionViewCell.swift in Sources */ = {isa = PBXBuildFile; fileRef = E3AB818E29706D7D00A0843A /* DepartamentoCollectionViewCell.swift */; };
		E3AB819129706D7D00A0843A /* DepartamentoCollectionViewCell.xib in Resources */ = {isa = PBXBuildFile; fileRef = E3AB818F29706D7D00A0843A /* DepartamentoCollectionViewCell.xib */; };
		E3AB819429707F5E00A0843A /* AreasCollectionViewCell.swift in Sources */ = {isa = PBXBuildFile; fileRef = E3AB819229707F5E00A0843A /* AreasCollectionViewCell.swift */; };
		E3AB819529707F5E00A0843A /* AreasCollectionViewCell.xib in Resources */ = {isa = PBXBuildFile; fileRef = E3AB819329707F5E00A0843A /* AreasCollectionViewCell.xib */; };
		E3AB819829707FE800A0843A /* ProductosCollectionViewCell.swift in Sources */ = {isa = PBXBuildFile; fileRef = E3AB819629707FE800A0843A /* ProductosCollectionViewCell.swift */; };
		E3AB819929707FE800A0843A /* ProductosCollectionViewCell.xib in Resources */ = {isa = PBXBuildFile; fileRef = E3AB819729707FE800A0843A /* ProductosCollectionViewCell.xib */; };
		E3B090C1296DEE8300446368 /* RegistroViewController.swift in Sources */ = {isa = PBXBuildFile; fileRef = E3B090C0296DEE8300446368 /* RegistroViewController.swift */; };
		E3C0C159296F215100503381 /* ProveedorViewModel.swift in Sources */ = {isa = PBXBuildFile; fileRef = E3C0C158296F215100503381 /* ProveedorViewModel.swift */; };
		E3C0C15B296F369A00503381 /* iOSDropDown.framework in Frameworks */ = {isa = PBXBuildFile; fileRef = E3C0C15A296F369A00503381 /* iOSDropDown.framework */; };
		E3C0C15E296F447100503381 /* AreaViewModel.swift in Sources */ = {isa = PBXBuildFile; fileRef = E3C0C15D296F447100503381 /* AreaViewModel.swift */; };
		E3C6E84A2971E16D003D33EB /* GetAllAreaViewController.swift in Sources */ = {isa = PBXBuildFile; fileRef = E3C6E8492971E16D003D33EB /* GetAllAreaViewController.swift */; };
/* End PBXBuildFile section */

/* Begin PBXFileReference section */
		65043CF4935AC8BAE7C80826 /* Pods-JSanchezEcommerce.debug.xcconfig */ = {isa = PBXFileReference; includeInIndex = 1; lastKnownFileType = text.xcconfig; name = "Pods-JSanchezEcommerce.debug.xcconfig"; path = "Target Support Files/Pods-JSanchezEcommerce/Pods-JSanchezEcommerce.debug.xcconfig"; sourceTree = "<group>"; };
		A2AC1E2BF435A4392DEA895E /* Pods-JSanchezEcommerce.release.xcconfig */ = {isa = PBXFileReference; includeInIndex = 1; lastKnownFileType = text.xcconfig; name = "Pods-JSanchezEcommerce.release.xcconfig"; path = "Target Support Files/Pods-JSanchezEcommerce/Pods-JSanchezEcommerce.release.xcconfig"; sourceTree = "<group>"; };
		E3219D1C295F51A700EEF1B3 /* ProductoTableViewCell.swift */ = {isa = PBXFileReference; lastKnownFileType = sourcecode.swift; path = ProductoTableViewCell.swift; sourceTree = "<group>"; };
		E3219D1D295F51A700EEF1B3 /* ProductoTableViewCell.xib */ = {isa = PBXFileReference; lastKnownFileType = file.xib; path = ProductoTableViewCell.xib; sourceTree = "<group>"; };
		E3219D20295F53D500EEF1B3 /* GetALLTableViewController.swift */ = {isa = PBXFileReference; lastKnownFileType = sourcecode.swift; path = GetALLTableViewController.swift; sourceTree = "<group>"; };
		E325FBDD29673A0500656F3C /* DepartamentoTableViewCell.swift */ = {isa = PBXFileReference; lastKnownFileType = sourcecode.swift; path = DepartamentoTableViewCell.swift; sourceTree = "<group>"; };
		E325FBDE29673A0500656F3C /* DepartamentoTableViewCell.xib */ = {isa = PBXFileReference; lastKnownFileType = file.xib; path = DepartamentoTableViewCell.xib; sourceTree = "<group>"; };
		E325FBE329673AB500656F3C /* GetALLDepartamentoTableViewController.swift */ = {isa = PBXFileReference; lastKnownFileType = sourcecode.swift; path = GetALLDepartamentoTableViewController.swift; sourceTree = "<group>"; };
		E325FBE52967430D00656F3C /* DepartamentoViewModel.swift */ = {isa = PBXFileReference; lastKnownFileType = sourcecode.swift; path = DepartamentoViewModel.swift; sourceTree = "<group>"; };
		E33CCEB7296C9D2300D181D5 /* GoogleService-Info.plist */ = {isa = PBXFileReference; fileEncoding = 4; lastKnownFileType = text.plist.xml; name = "GoogleService-Info.plist"; path = "../../../../Downloads/GoogleService-Info.plist"; sourceTree = "<group>"; };
		E33DBE4129676BB300D2BCC8 /* UsuarioTableViewCell.swift */ = {isa = PBXFileReference; lastKnownFileType = sourcecode.swift; path = UsuarioTableViewCell.swift; sourceTree = "<group>"; };
		E33DBE4229676BB300D2BCC8 /* UsuarioTableViewCell.xib */ = {isa = PBXFileReference; lastKnownFileType = file.xib; path = UsuarioTableViewCell.xib; sourceTree = "<group>"; };
		E33DBE4529676FBE00D2BCC8 /* UsuarioViewModel.swift */ = {isa = PBXFileReference; lastKnownFileType = sourcecode.swift; path = UsuarioViewModel.swift; sourceTree = "<group>"; };
		E33DBE472967701600D2BCC8 /* UsuarioViewController.swift */ = {isa = PBXFileReference; lastKnownFileType = sourcecode.swift; path = UsuarioViewController.swift; sourceTree = "<group>"; };
		E33DBE492967704D00D2BCC8 /* GetALLUsuarioTableViewController.swift */ = {isa = PBXFileReference; lastKnownFileType = sourcecode.swift; path = GetALLUsuarioTableViewController.swift; sourceTree = "<group>"; };
		E33DBE4B29679BA700D2BCC8 /* User.swift */ = {isa = PBXFileReference; lastKnownFileType = sourcecode.swift; path = User.swift; sourceTree = "<group>"; };
		E33DBE4D29679BB300D2BCC8 /* Rol.swift */ = {isa = PBXFileReference; lastKnownFileType = sourcecode.swift; path = Rol.swift; sourceTree = "<group>"; };
		E34B2C1E296738F0007002A9 /* DepartamentoViewController.swift */ = {isa = PBXFileReference; lastKnownFileType = sourcecode.swift; path = DepartamentoViewController.swift; sourceTree = "<group>"; };
		E3518081295CCFD600488241 /* Producto.swift */ = {isa = PBXFileReference; lastKnownFileType = sourcecode.swift; path = Producto.swift; sourceTree = "<group>"; };
		E3518083295CCFEA00488241 /* Result.swift */ = {isa = PBXFileReference; lastKnownFileType = sourcecode.swift; path = Result.swift; sourceTree = "<group>"; };
		E3518085295CD09700488241 /* Proveedor.swift */ = {isa = PBXFileReference; lastKnownFileType = sourcecode.swift; path = Proveedor.swift; sourceTree = "<group>"; };
		E3518087295CD0A600488241 /* Departamento.swift */ = {isa = PBXFileReference; lastKnownFileType = sourcecode.swift; path = Departamento.swift; sourceTree = "<group>"; };
		E3518089295CD0B000488241 /* Area.swift */ = {isa = PBXFileReference; lastKnownFileType = sourcecode.swift; path = Area.swift; sourceTree = "<group>"; };
		E351808B295CD44B00488241 /* ProductoViewModel.swift */ = {isa = PBXFileReference; lastKnownFileType = sourcecode.swift; path = ProductoViewModel.swift; sourceTree = "<group>"; };
		E364FB83296CC58300ED365C /* LoginViewController.swift */ = {isa = PBXFileReference; lastKnownFileType = sourcecode.swift; path = LoginViewController.swift; sourceTree = "<group>"; };
		E38D26EE295BC21400FFA829 /* JSanchezEcommerce.app */ = {isa = PBXFileReference; explicitFileType = wrapper.application; includeInIndex = 0; path = JSanchezEcommerce.app; sourceTree = BUILT_PRODUCTS_DIR; };
		E38D26F1295BC21400FFA829 /* AppDelegate.swift */ = {isa = PBXFileReference; lastKnownFileType = sourcecode.swift; path = AppDelegate.swift; sourceTree = "<group>"; };
		E38D26F3295BC21400FFA829 /* SceneDelegate.swift */ = {isa = PBXFileReference; lastKnownFileType = sourcecode.swift; path = SceneDelegate.swift; sourceTree = "<group>"; };
		E38D26F5295BC21400FFA829 /* ProductoViewController.swift */ = {isa = PBXFileReference; lastKnownFileType = sourcecode.swift; path = ProductoViewController.swift; sourceTree = "<group>"; };
		E38D26F8295BC21400FFA829 /* Base */ = {isa = PBXFileReference; lastKnownFileType = file.storyboard; name = Base; path = Base.lproj/Main.storyboard; sourceTree = "<group>"; };
		E38D26FB295BC21400FFA829 /* JSanchezEcommerce.xcdatamodel */ = {isa = PBXFileReference; lastKnownFileType = wrapper.xcdatamodel; path = JSanchezEcommerce.xcdatamodel; sourceTree = "<group>"; };
		E38D26FD295BC21500FFA829 /* Assets.xcassets */ = {isa = PBXFileReference; lastKnownFileType = folder.assetcatalog; path = Assets.xcassets; sourceTree = "<group>"; };
		E38D2700295BC21500FFA829 /* Base */ = {isa = PBXFileReference; lastKnownFileType = file.storyboard; name = Base; path = Base.lproj/LaunchScreen.storyboard; sourceTree = "<group>"; };
		E38D2702295BC21500FFA829 /* Info.plist */ = {isa = PBXFileReference; lastKnownFileType = text.plist.xml; path = Info.plist; sourceTree = "<group>"; };
		E38D270C295BC2B600FFA829 /* DB.swift */ = {isa = PBXFileReference; lastKnownFileType = sourcecode.swift; path = DB.swift; sourceTree = "<group>"; };
		E3952F3F296E32F700987031 /* iOSDropDown.framework */ = {isa = PBXFileReference; explicitFileType = wrapper.framework; path = iOSDropDown.framework; sourceTree = BUILT_PRODUCTS_DIR; };
		E3A2F37D297087AA007124BA /* GetAllAreaCollectionViewController.swift */ = {isa = PBXFileReference; lastKnownFileType = sourcecode.swift; path = GetAllAreaCollectionViewController.swift; sourceTree = "<group>"; };
		E3A2F37F297088F2007124BA /* GetByIdProductosCollectionViewController.swift */ = {isa = PBXFileReference; lastKnownFileType = sourcecode.swift; path = GetByIdProductosCollectionViewController.swift; sourceTree = "<group>"; };
		E3A2F38129708C18007124BA /* GetByIdDepartamentosCollectionViewController.swift */ = {isa = PBXFileReference; lastKnownFileType = sourcecode.swift; path = GetByIdDepartamentosCollectionViewController.swift; sourceTree = "<group>"; };
		E3AB818E29706D7D00A0843A /* DepartamentoCollectionViewCell.swift */ = {isa = PBXFileReference; lastKnownFileType = sourcecode.swift; path = DepartamentoCollectionViewCell.swift; sourceTree = "<group>"; };
		E3AB818F29706D7D00A0843A /* DepartamentoCollectionViewCell.xib */ = {isa = PBXFileReference; lastKnownFileType = file.xib; path = DepartamentoCollectionViewCell.xib; sourceTree = "<group>"; };
		E3AB819229707F5E00A0843A /* AreasCollectionViewCell.swift */ = {isa = PBXFileReference; lastKnownFileType = sourcecode.swift; path = AreasCollectionViewCell.swift; sourceTree = "<group>"; };
		E3AB819329707F5E00A0843A /* AreasCollectionViewCell.xib */ = {isa = PBXFileReference; lastKnownFileType = file.xib; path = AreasCollectionViewCell.xib; sourceTree = "<group>"; };
		E3AB819629707FE800A0843A /* ProductosCollectionViewCell.swift */ = {isa = PBXFileReference; lastKnownFileType = sourcecode.swift; path = ProductosCollectionViewCell.swift; sourceTree = "<group>"; };
		E3AB819729707FE800A0843A /* ProductosCollectionViewCell.xib */ = {isa = PBXFileReference; lastKnownFileType = file.xib; path = ProductosCollectionViewCell.xib; sourceTree = "<group>"; };
		E3B090C0296DEE8300446368 /* RegistroViewController.swift */ = {isa = PBXFileReference; lastKnownFileType = sourcecode.swift; path = RegistroViewController.swift; sourceTree = "<group>"; };
		E3C0C158296F215100503381 /* ProveedorViewModel.swift */ = {isa = PBXFileReference; lastKnownFileType = sourcecode.swift; path = ProveedorViewModel.swift; sourceTree = "<group>"; };
		E3C0C15A296F369A00503381 /* iOSDropDown.framework */ = {isa = PBXFileReference; explicitFileType = wrapper.framework; path = iOSDropDown.framework; sourceTree = BUILT_PRODUCTS_DIR; };
		E3C0C15D296F447100503381 /* AreaViewModel.swift */ = {isa = PBXFileReference; lastKnownFileType = sourcecode.swift; path = AreaViewModel.swift; sourceTree = "<group>"; };
		E3C6E8492971E16D003D33EB /* GetAllAreaViewController.swift */ = {isa = PBXFileReference; lastKnownFileType = sourcecode.swift; path = GetAllAreaViewController.swift; sourceTree = "<group>"; };
		FD43E8199C7957640028E010 /* Pods_JSanchezEcommerce.framework */ = {isa = PBXFileReference; explicitFileType = wrapper.framework; includeInIndex = 0; path = Pods_JSanchezEcommerce.framework; sourceTree = BUILT_PRODUCTS_DIR; };
/* End PBXFileReference section */

/* Begin PBXFrameworksBuildPhase section */
		E38D26EB295BC21400FFA829 /* Frameworks */ = {
			isa = PBXFrameworksBuildPhase;
			buildActionMask = 2147483647;
			files = (
				E3C0C15B296F369A00503381 /* iOSDropDown.framework in Frameworks */,
				A05D312264026404271E5366 /* Pods_JSanchezEcommerce.framework in Frameworks */,
			);
			runOnlyForDeploymentPostprocessing = 0;
		};
/* End PBXFrameworksBuildPhase section */

/* Begin PBXGroup section */
		60E05C5047D92C41DFBADD76 /* Pods */ = {
			isa = PBXGroup;
			children = (
				65043CF4935AC8BAE7C80826 /* Pods-JSanchezEcommerce.debug.xcconfig */,
				A2AC1E2BF435A4392DEA895E /* Pods-JSanchezEcommerce.release.xcconfig */,
			);
			path = Pods;
			sourceTree = "<group>";
		};
		D8712F5E71145AC5810E74CC /* Frameworks */ = {
			isa = PBXGroup;
			children = (
				E3C0C15A296F369A00503381 /* iOSDropDown.framework */,
				E3952F3F296E32F700987031 /* iOSDropDown.framework */,
				FD43E8199C7957640028E010 /* Pods_JSanchezEcommerce.framework */,
			);
			name = Frameworks;
			sourceTree = "<group>";
		};
		E3219D22295F53F100EEF1B3 /* Producto */ = {
			isa = PBXGroup;
			children = (
				E3A2F37F297088F2007124BA /* GetByIdProductosCollectionViewController.swift */,
				E38D26F5295BC21400FFA829 /* ProductoViewController.swift */,
				E3219D20295F53D500EEF1B3 /* GetALLTableViewController.swift */,
			);
			path = Producto;
			sourceTree = "<group>";
		};
		E32389122975B9F100260D92 /* Area */ = {
			isa = PBXGroup;
			children = (
				E3C6E8492971E16D003D33EB /* GetAllAreaViewController.swift */,
				E3A2F37D297087AA007124BA /* GetAllAreaCollectionViewController.swift */,
			);
			path = Area;
			sourceTree = "<group>";
		};
		E33DBE3D29676AF600D2BCC8 /* Producto */ = {
			isa = PBXGroup;
			children = (
				E3AB819629707FE800A0843A /* ProductosCollectionViewCell.swift */,
				E351808B295CD44B00488241 /* ProductoViewModel.swift */,
				E3219D1C295F51A700EEF1B3 /* ProductoTableViewCell.swift */,
			);
			path = Producto;
			sourceTree = "<group>";
		};
		E33DBE3E29676B1500D2BCC8 /* Departamento */ = {
			isa = PBXGroup;
			children = (
				E3AB818E29706D7D00A0843A /* DepartamentoCollectionViewCell.swift */,
				E325FBE52967430D00656F3C /* DepartamentoViewModel.swift */,
				E325FBDD29673A0500656F3C /* DepartamentoTableViewCell.swift */,
			);
			path = Departamento;
			sourceTree = "<group>";
		};
		E33DBE3F29676B6100D2BCC8 /* Usuario */ = {
			isa = PBXGroup;
			children = (
				E33DBE4529676FBE00D2BCC8 /* UsuarioViewModel.swift */,
				E33DBE4129676BB300D2BCC8 /* UsuarioTableViewCell.swift */,
			);
			path = Usuario;
			sourceTree = "<group>";
		};
		E33DBE4F29679EDD00D2BCC8 /* User */ = {
			isa = PBXGroup;
			children = (
				E33DBE472967701600D2BCC8 /* UsuarioViewController.swift */,
				E33DBE492967704D00D2BCC8 /* GetALLUsuarioTableViewController.swift */,
			);
			path = User;
			sourceTree = "<group>";
		};
		E34B2C2029673904007002A9 /* Departamento */ = {
			isa = PBXGroup;
			children = (
				E3A2F38129708C18007124BA /* GetByIdDepartamentosCollectionViewController.swift */,
				E34B2C1E296738F0007002A9 /* DepartamentoViewController.swift */,
				E325FBE329673AB500656F3C /* GetALLDepartamentoTableViewController.swift */,
			);
			path = Departamento;
			sourceTree = "<group>";
		};
		E364FB82296CC55E00ED365C /* Login */ = {
			isa = PBXGroup;
			children = (
				E364FB83296CC58300ED365C /* LoginViewController.swift */,
				E3B090C0296DEE8300446368 /* RegistroViewController.swift */,
			);
			path = Login;
			sourceTree = "<group>";
		};
		E38D26E5295BC21400FFA829 = {
			isa = PBXGroup;
			children = (
				E38D26F0295BC21400FFA829 /* JSanchezEcommerce */,
				E38D26EF295BC21400FFA829 /* Products */,
				60E05C5047D92C41DFBADD76 /* Pods */,
				D8712F5E71145AC5810E74CC /* Frameworks */,
			);
			sourceTree = "<group>";
		};
		E38D26EF295BC21400FFA829 /* Products */ = {
			isa = PBXGroup;
			children = (
				E38D26EE295BC21400FFA829 /* JSanchezEcommerce.app */,
			);
			name = Products;
			sourceTree = "<group>";
		};
		E38D26F0295BC21400FFA829 /* JSanchezEcommerce */ = {
			isa = PBXGroup;
			children = (
				E38D2708295BC22200FFA829 /* Model */,
				E38D270A295BC24E00FFA829 /* View */,
				E38D2709295BC23700FFA829 /* ViewModel */,
				E38D270B295BC25C00FFA829 /* Controller */,
				E38D26F1295BC21400FFA829 /* AppDelegate.swift */,
				E38D26F3295BC21400FFA829 /* SceneDelegate.swift */,
				E38D26FD295BC21500FFA829 /* Assets.xcassets */,
				E38D2702295BC21500FFA829 /* Info.plist */,
				E33CCEB7296C9D2300D181D5 /* GoogleService-Info.plist */,
				E38D26FA295BC21400FFA829 /* JSanchezEcommerce.xcdatamodeld */,
			);
			path = JSanchezEcommerce;
			sourceTree = "<group>";
		};
		E38D2708295BC22200FFA829 /* Model */ = {
			isa = PBXGroup;
			children = (
				E3518081295CCFD600488241 /* Producto.swift */,
				E3518083295CCFEA00488241 /* Result.swift */,
				E3518085295CD09700488241 /* Proveedor.swift */,
				E3518087295CD0A600488241 /* Departamento.swift */,
				E3518089295CD0B000488241 /* Area.swift */,
				E33DBE4B29679BA700D2BCC8 /* User.swift */,
				E33DBE4D29679BB300D2BCC8 /* Rol.swift */,
			);
			path = Model;
			sourceTree = "<group>";
		};
		E38D2709295BC23700FFA829 /* ViewModel */ = {
			isa = PBXGroup;
			children = (
				E3C0C15C296F445C00503381 /* Area */,
				E3C0C157296F20AD00503381 /* Proveedor */,
				E33DBE3F29676B6100D2BCC8 /* Usuario */,
				E33DBE3E29676B1500D2BCC8 /* Departamento */,
				E33DBE3D29676AF600D2BCC8 /* Producto */,
				E38D270C295BC2B600FFA829 /* DB.swift */,
			);
			path = ViewModel;
			sourceTree = "<group>";
		};
		E38D270A295BC24E00FFA829 /* View */ = {
			isa = PBXGroup;
			children = (
				E38D26F7295BC21400FFA829 /* Main.storyboard */,
				E38D26FF295BC21500FFA829 /* LaunchScreen.storyboard */,
				E3219D1D295F51A700EEF1B3 /* ProductoTableViewCell.xib */,
				E325FBDE29673A0500656F3C /* DepartamentoTableViewCell.xib */,
				E33DBE4229676BB300D2BCC8 /* UsuarioTableViewCell.xib */,
				E3AB818F29706D7D00A0843A /* DepartamentoCollectionViewCell.xib */,
				E3AB819329707F5E00A0843A /* AreasCollectionViewCell.xib */,
				E3AB819729707FE800A0843A /* ProductosCollectionViewCell.xib */,
			);
			path = View;
			sourceTree = "<group>";
		};
		E38D270B295BC25C00FFA829 /* Controller */ = {
			isa = PBXGroup;
			children = (
				E32389122975B9F100260D92 /* Area */,
				E364FB82296CC55E00ED365C /* Login */,
				E33DBE4F29679EDD00D2BCC8 /* User */,
				E34B2C2029673904007002A9 /* Departamento */,
				E3219D22295F53F100EEF1B3 /* Producto */,
			);
			path = Controller;
			sourceTree = "<group>";
		};
		E3C0C157296F20AD00503381 /* Proveedor */ = {
			isa = PBXGroup;
			children = (
				E3C0C158296F215100503381 /* ProveedorViewModel.swift */,
			);
			path = Proveedor;
			sourceTree = "<group>";
		};
		E3C0C15C296F445C00503381 /* Area */ = {
			isa = PBXGroup;
			children = (
				E3AB819229707F5E00A0843A /* AreasCollectionViewCell.swift */,
				E3C0C15D296F447100503381 /* AreaViewModel.swift */,
			);
			path = Area;
			sourceTree = "<group>";
		};
/* End PBXGroup section */

/* Begin PBXNativeTarget section */
		E38D26ED295BC21400FFA829 /* JSanchezEcommerce */ = {
			isa = PBXNativeTarget;
			buildConfigurationList = E38D2705295BC21500FFA829 /* Build configuration list for PBXNativeTarget "JSanchezEcommerce" */;
			buildPhases = (
				03105F2F30284E5C1F08D9D6 /* [CP] Check Pods Manifest.lock */,
				E38D26EA295BC21400FFA829 /* Sources */,
				E38D26EB295BC21400FFA829 /* Frameworks */,
				E38D26EC295BC21400FFA829 /* Resources */,
				BF8ECC7A86DBF6B14E8872FF /* [CP] Embed Pods Frameworks */,
			);
			buildRules = (
			);
			dependencies = (
			);
			name = JSanchezEcommerce;
			productName = JSanchezEcommerce;
			productReference = E38D26EE295BC21400FFA829 /* JSanchezEcommerce.app */;
			productType = "com.apple.product-type.application";
		};
/* End PBXNativeTarget section */

/* Begin PBXProject section */
		E38D26E6295BC21400FFA829 /* Project object */ = {
			isa = PBXProject;
			attributes = {
				BuildIndependentTargetsInParallel = 1;
				LastSwiftUpdateCheck = 1410;
				LastUpgradeCheck = 1410;
				TargetAttributes = {
					E38D26ED295BC21400FFA829 = {
						CreatedOnToolsVersion = 14.1;
					};
				};
			};
			buildConfigurationList = E38D26E9295BC21400FFA829 /* Build configuration list for PBXProject "JSanchezEcommerce" */;
			compatibilityVersion = "Xcode 14.0";
			developmentRegion = en;
			hasScannedForEncodings = 0;
			knownRegions = (
				en,
				Base,
			);
			mainGroup = E38D26E5295BC21400FFA829;
			productRefGroup = E38D26EF295BC21400FFA829 /* Products */;
			projectDirPath = "";
			projectRoot = "";
			targets = (
				E38D26ED295BC21400FFA829 /* JSanchezEcommerce */,
			);
		};
/* End PBXProject section */

/* Begin PBXResourcesBuildPhase section */
		E38D26EC295BC21400FFA829 /* Resources */ = {
			isa = PBXResourcesBuildPhase;
			buildActionMask = 2147483647;
			files = (
				E33DBE4429676BB300D2BCC8 /* UsuarioTableViewCell.xib in Resources */,
				E325FBE029673A0500656F3C /* DepartamentoTableViewCell.xib in Resources */,
				E3AB819529707F5E00A0843A /* AreasCollectionViewCell.xib in Resources */,
				E38D2701295BC21500FFA829 /* LaunchScreen.storyboard in Resources */,
				E3AB819929707FE800A0843A /* ProductosCollectionViewCell.xib in Resources */,
				E3219D1F295F51A700EEF1B3 /* ProductoTableViewCell.xib in Resources */,
				E38D26FE295BC21500FFA829 /* Assets.xcassets in Resources */,
				E38D26F9295BC21400FFA829 /* Main.storyboard in Resources */,
				E3AB819129706D7D00A0843A /* DepartamentoCollectionViewCell.xib in Resources */,
				E33CCEB8296C9D2300D181D5 /* GoogleService-Info.plist in Resources */,
			);
			runOnlyForDeploymentPostprocessing = 0;
		};
/* End PBXResourcesBuildPhase section */

/* Begin PBXShellScriptBuildPhase section */
		03105F2F30284E5C1F08D9D6 /* [CP] Check Pods Manifest.lock */ = {
			isa = PBXShellScriptBuildPhase;
			buildActionMask = 2147483647;
			files = (
			);
			inputFileListPaths = (
			);
			inputPaths = (
				"${PODS_PODFILE_DIR_PATH}/Podfile.lock",
				"${PODS_ROOT}/Manifest.lock",
			);
			name = "[CP] Check Pods Manifest.lock";
			outputFileListPaths = (
			);
			outputPaths = (
				"$(DERIVED_FILE_DIR)/Pods-JSanchezEcommerce-checkManifestLockResult.txt",
			);
			runOnlyForDeploymentPostprocessing = 0;
			shellPath = /bin/sh;
			shellScript = "diff \"${PODS_PODFILE_DIR_PATH}/Podfile.lock\" \"${PODS_ROOT}/Manifest.lock\" > /dev/null\nif [ $? != 0 ] ; then\n    # print error to STDERR\n    echo \"error: The sandbox is not in sync with the Podfile.lock. Run 'pod install' or update your CocoaPods installation.\" >&2\n    exit 1\nfi\n# This output is used by Xcode 'outputs' to avoid re-running this script phase.\necho \"SUCCESS\" > \"${SCRIPT_OUTPUT_FILE_0}\"\n";
			showEnvVarsInLog = 0;
		};
		BF8ECC7A86DBF6B14E8872FF /* [CP] Embed Pods Frameworks */ = {
			isa = PBXShellScriptBuildPhase;
			buildActionMask = 2147483647;
			files = (
			);
			inputFileListPaths = (
				"${PODS_ROOT}/Target Support Files/Pods-JSanchezEcommerce/Pods-JSanchezEcommerce-frameworks-${CONFIGURATION}-input-files.xcfilelist",
			);
			name = "[CP] Embed Pods Frameworks";
			outputFileListPaths = (
				"${PODS_ROOT}/Target Support Files/Pods-JSanchezEcommerce/Pods-JSanchezEcommerce-frameworks-${CONFIGURATION}-output-files.xcfilelist",
			);
			runOnlyForDeploymentPostprocessing = 0;
			shellPath = /bin/sh;
			shellScript = "\"${PODS_ROOT}/Target Support Files/Pods-JSanchezEcommerce/Pods-JSanchezEcommerce-frameworks.sh\"\n";
			showEnvVarsInLog = 0;
		};
/* End PBXShellScriptBuildPhase section */

/* Begin PBXSourcesBuildPhase section */
		E38D26EA295BC21400FFA829 /* Sources */ = {
			isa = PBXSourcesBuildPhase;
			buildActionMask = 2147483647;
			files = (
				E34B2C1F296738F0007002A9 /* DepartamentoViewController.swift in Sources */,
				E351808A295CD0B000488241 /* Area.swift in Sources */,
				E33DBE4329676BB300D2BCC8 /* UsuarioTableViewCell.swift in Sources */,
				E3518086295CD09700488241 /* Proveedor.swift in Sources */,
				E3AB819029706D7D00A0843A /* DepartamentoCollectionViewCell.swift in Sources */,
				E3A2F37E297087AA007124BA /* GetAllAreaCollectionViewController.swift in Sources */,
				E3219D21295F53D500EEF1B3 /* GetALLTableViewController.swift in Sources */,
				E38D26FC295BC21400FFA829 /* JSanchezEcommerce.xcdatamodeld in Sources */,
				E3C0C15E296F447100503381 /* AreaViewModel.swift in Sources */,
				E3AB819429707F5E00A0843A /* AreasCollectionViewCell.swift in Sources */,
				E38D26F6295BC21400FFA829 /* ProductoViewController.swift in Sources */,
				E3518088295CD0A600488241 /* Departamento.swift in Sources */,
				E3B090C1296DEE8300446368 /* RegistroViewController.swift in Sources */,
				E3C0C159296F215100503381 /* ProveedorViewModel.swift in Sources */,
				E3219D1E295F51A700EEF1B3 /* ProductoTableViewCell.swift in Sources */,
				E38D26F2295BC21400FFA829 /* AppDelegate.swift in Sources */,
				E33DBE4C29679BA700D2BCC8 /* User.swift in Sources */,
				E325FBDF29673A0500656F3C /* DepartamentoTableViewCell.swift in Sources */,
				E364FB84296CC58300ED365C /* LoginViewController.swift in Sources */,
				E325FBE429673AB500656F3C /* GetALLDepartamentoTableViewController.swift in Sources */,
				E3C6E84A2971E16D003D33EB /* GetAllAreaViewController.swift in Sources */,
				E33DBE4629676FBE00D2BCC8 /* UsuarioViewModel.swift in Sources */,
				E3518082295CCFD600488241 /* Producto.swift in Sources */,
				E3518084295CCFEA00488241 /* Result.swift in Sources */,
				E3AB819829707FE800A0843A /* ProductosCollectionViewCell.swift in Sources */,
				E38D270D295BC2B600FFA829 /* DB.swift in Sources */,
				E33DBE4A2967704D00D2BCC8 /* GetALLUsuarioTableViewController.swift in Sources */,
				E351808C295CD44B00488241 /* ProductoViewModel.swift in Sources */,
				E3A2F380297088F2007124BA /* GetByIdProductosCollectionViewController.swift in Sources */,
				E33DBE4E29679BB300D2BCC8 /* Rol.swift in Sources */,
				E33DBE482967701600D2BCC8 /* UsuarioViewController.swift in Sources */,
				E325FBE62967430D00656F3C /* DepartamentoViewModel.swift in Sources */,
				E38D26F4295BC21400FFA829 /* SceneDelegate.swift in Sources */,
				E3A2F38229708C18007124BA /* GetByIdDepartamentosCollectionViewController.swift in Sources */,
			);
			runOnlyForDeploymentPostprocessing = 0;
		};
/* End PBXSourcesBuildPhase section */

/* Begin PBXVariantGroup section */
		E38D26F7295BC21400FFA829 /* Main.storyboard */ = {
			isa = PBXVariantGroup;
			children = (
				E38D26F8295BC21400FFA829 /* Base */,
			);
			name = Main.storyboard;
			sourceTree = "<group>";
		};
		E38D26FF295BC21500FFA829 /* LaunchScreen.storyboard */ = {
			isa = PBXVariantGroup;
			children = (
				E38D2700295BC21500FFA829 /* Base */,
			);
			name = LaunchScreen.storyboard;
			sourceTree = "<group>";
		};
/* End PBXVariantGroup section */

/* Begin XCBuildConfiguration section */
		E38D2703295BC21500FFA829 /* Debug */ = {
			isa = XCBuildConfiguration;
			buildSettings = {
				ALWAYS_SEARCH_USER_PATHS = NO;
				CLANG_ANALYZER_NONNULL = YES;
				CLANG_ANALYZER_NUMBER_OBJECT_CONVERSION = YES_AGGRESSIVE;
				CLANG_CXX_LANGUAGE_STANDARD = "gnu++20";
				CLANG_ENABLE_MODULES = YES;
				CLANG_ENABLE_OBJC_ARC = YES;
				CLANG_ENABLE_OBJC_WEAK = YES;
				CLANG_WARN_BLOCK_CAPTURE_AUTORELEASING = YES;
				CLANG_WARN_BOOL_CONVERSION = YES;
				CLANG_WARN_COMMA = YES;
				CLANG_WARN_CONSTANT_CONVERSION = YES;
				CLANG_WARN_DEPRECATED_OBJC_IMPLEMENTATIONS = YES;
				CLANG_WARN_DIRECT_OBJC_ISA_USAGE = YES_ERROR;
				CLANG_WARN_DOCUMENTATION_COMMENTS = YES;
				CLANG_WARN_EMPTY_BODY = YES;
				CLANG_WARN_ENUM_CONVERSION = YES;
				CLANG_WARN_INFINITE_RECURSION = YES;
				CLANG_WARN_INT_CONVERSION = YES;
				CLANG_WARN_NON_LITERAL_NULL_CONVERSION = YES;
				CLANG_WARN_OBJC_IMPLICIT_RETAIN_SELF = YES;
				CLANG_WARN_OBJC_LITERAL_CONVERSION = YES;
				CLANG_WARN_OBJC_ROOT_CLASS = YES_ERROR;
				CLANG_WARN_QUOTED_INCLUDE_IN_FRAMEWORK_HEADER = YES;
				CLANG_WARN_RANGE_LOOP_ANALYSIS = YES;
				CLANG_WARN_STRICT_PROTOTYPES = YES;
				CLANG_WARN_SUSPICIOUS_MOVE = YES;
				CLANG_WARN_UNGUARDED_AVAILABILITY = YES_AGGRESSIVE;
				CLANG_WARN_UNREACHABLE_CODE = YES;
				CLANG_WARN__DUPLICATE_METHOD_MATCH = YES;
				COPY_PHASE_STRIP = NO;
				DEBUG_INFORMATION_FORMAT = dwarf;
				ENABLE_STRICT_OBJC_MSGSEND = YES;
				ENABLE_TESTABILITY = YES;
				GCC_C_LANGUAGE_STANDARD = gnu11;
				GCC_DYNAMIC_NO_PIC = NO;
				GCC_NO_COMMON_BLOCKS = YES;
				GCC_OPTIMIZATION_LEVEL = 0;
				GCC_PREPROCESSOR_DEFINITIONS = (
					"DEBUG=1",
					"$(inherited)",
				);
				GCC_WARN_64_TO_32_BIT_CONVERSION = YES;
				GCC_WARN_ABOUT_RETURN_TYPE = YES_ERROR;
				GCC_WARN_UNDECLARED_SELECTOR = YES;
				GCC_WARN_UNINITIALIZED_AUTOS = YES_AGGRESSIVE;
				GCC_WARN_UNUSED_FUNCTION = YES;
				GCC_WARN_UNUSED_VARIABLE = YES;
				IPHONEOS_DEPLOYMENT_TARGET = 16.1;
				MTL_ENABLE_DEBUG_INFO = INCLUDE_SOURCE;
				MTL_FAST_MATH = YES;
				ONLY_ACTIVE_ARCH = YES;
				SDKROOT = iphoneos;
				SWIFT_ACTIVE_COMPILATION_CONDITIONS = DEBUG;
				SWIFT_OPTIMIZATION_LEVEL = "-Onone";
			};
			name = Debug;
		};
		E38D2704295BC21500FFA829 /* Release */ = {
			isa = XCBuildConfiguration;
			buildSettings = {
				ALWAYS_SEARCH_USER_PATHS = NO;
				CLANG_ANALYZER_NONNULL = YES;
				CLANG_ANALYZER_NUMBER_OBJECT_CONVERSION = YES_AGGRESSIVE;
				CLANG_CXX_LANGUAGE_STANDARD = "gnu++20";
				CLANG_ENABLE_MODULES = YES;
				CLANG_ENABLE_OBJC_ARC = YES;
				CLANG_ENABLE_OBJC_WEAK = YES;
				CLANG_WARN_BLOCK_CAPTURE_AUTORELEASING = YES;
				CLANG_WARN_BOOL_CONVERSION = YES;
				CLANG_WARN_COMMA = YES;
				CLANG_WARN_CONSTANT_CONVERSION = YES;
				CLANG_WARN_DEPRECATED_OBJC_IMPLEMENTATIONS = YES;
				CLANG_WARN_DIRECT_OBJC_ISA_USAGE = YES_ERROR;
				CLANG_WARN_DOCUMENTATION_COMMENTS = YES;
				CLANG_WARN_EMPTY_BODY = YES;
				CLANG_WARN_ENUM_CONVERSION = YES;
				CLANG_WARN_INFINITE_RECURSION = YES;
				CLANG_WARN_INT_CONVERSION = YES;
				CLANG_WARN_NON_LITERAL_NULL_CONVERSION = YES;
				CLANG_WARN_OBJC_IMPLICIT_RETAIN_SELF = YES;
				CLANG_WARN_OBJC_LITERAL_CONVERSION = YES;
				CLANG_WARN_OBJC_ROOT_CLASS = YES_ERROR;
				CLANG_WARN_QUOTED_INCLUDE_IN_FRAMEWORK_HEADER = YES;
				CLANG_WARN_RANGE_LOOP_ANALYSIS = YES;
				CLANG_WARN_STRICT_PROTOTYPES = YES;
				CLANG_WARN_SUSPICIOUS_MOVE = YES;
				CLANG_WARN_UNGUARDED_AVAILABILITY = YES_AGGRESSIVE;
				CLANG_WARN_UNREACHABLE_CODE = YES;
				CLANG_WARN__DUPLICATE_METHOD_MATCH = YES;
				COPY_PHASE_STRIP = NO;
				DEBUG_INFORMATION_FORMAT = "dwarf-with-dsym";
				ENABLE_NS_ASSERTIONS = NO;
				ENABLE_STRICT_OBJC_MSGSEND = YES;
				GCC_C_LANGUAGE_STANDARD = gnu11;
				GCC_NO_COMMON_BLOCKS = YES;
				GCC_WARN_64_TO_32_BIT_CONVERSION = YES;
				GCC_WARN_ABOUT_RETURN_TYPE = YES_ERROR;
				GCC_WARN_UNDECLARED_SELECTOR = YES;
				GCC_WARN_UNINITIALIZED_AUTOS = YES_AGGRESSIVE;
				GCC_WARN_UNUSED_FUNCTION = YES;
				GCC_WARN_UNUSED_VARIABLE = YES;
				IPHONEOS_DEPLOYMENT_TARGET = 16.1;
				MTL_ENABLE_DEBUG_INFO = NO;
				MTL_FAST_MATH = YES;
				SDKROOT = iphoneos;
				SWIFT_COMPILATION_MODE = wholemodule;
				SWIFT_OPTIMIZATION_LEVEL = "-O";
				VALIDATE_PRODUCT = YES;
			};
			name = Release;
		};
		E38D2706295BC21500FFA829 /* Debug */ = {
			isa = XCBuildConfiguration;
			baseConfigurationReference = 65043CF4935AC8BAE7C80826 /* Pods-JSanchezEcommerce.debug.xcconfig */;
			buildSettings = {
				ASSETCATALOG_COMPILER_APPICON_NAME = AppIcon;
				ASSETCATALOG_COMPILER_GLOBAL_ACCENT_COLOR_NAME = AccentColor;
				CODE_SIGN_STYLE = Automatic;
				CURRENT_PROJECT_VERSION = 1;
				GENERATE_INFOPLIST_FILE = YES;
				INFOPLIST_FILE = JSanchezEcommerce/Info.plist;
				INFOPLIST_KEY_UIApplicationSupportsIndirectInputEvents = YES;
				INFOPLIST_KEY_UILaunchStoryboardName = LaunchScreen;
				INFOPLIST_KEY_UIMainStoryboardFile = Main;
				INFOPLIST_KEY_UISupportedInterfaceOrientations_iPad = "UIInterfaceOrientationPortrait UIInterfaceOrientationPortraitUpsideDown UIInterfaceOrientationLandscapeLeft UIInterfaceOrientationLandscapeRight";
				INFOPLIST_KEY_UISupportedInterfaceOrientations_iPhone = "UIInterfaceOrientationPortrait UIInterfaceOrientationLandscapeLeft UIInterfaceOrientationLandscapeRight";
				LD_RUNPATH_SEARCH_PATHS = (
					"$(inherited)",
					"@executable_path/Frameworks",
				);
				MARKETING_VERSION = 1.0;
				PRODUCT_BUNDLE_IDENTIFIER = com.digis.JSanchezEcommerce;
				PRODUCT_NAME = "$(TARGET_NAME)";
				SWIFT_EMIT_LOC_STRINGS = YES;
				SWIFT_VERSION = 5.0;
				TARGETED_DEVICE_FAMILY = "1,2";
			};
			name = Debug;
		};
		E38D2707295BC21500FFA829 /* Release */ = {
			isa = XCBuildConfiguration;
			baseConfigurationReference = A2AC1E2BF435A4392DEA895E /* Pods-JSanchezEcommerce.release.xcconfig */;
			buildSettings = {
				ASSETCATALOG_COMPILER_APPICON_NAME = AppIcon;
				ASSETCATALOG_COMPILER_GLOBAL_ACCENT_COLOR_NAME = AccentColor;
				CODE_SIGN_STYLE = Automatic;
				CURRENT_PROJECT_VERSION = 1;
				GENERATE_INFOPLIST_FILE = YES;
				INFOPLIST_FILE = JSanchezEcommerce/Info.plist;
				INFOPLIST_KEY_UIApplicationSupportsIndirectInputEvents = YES;
				INFOPLIST_KEY_UILaunchStoryboardName = LaunchScreen;
				INFOPLIST_KEY_UIMainStoryboardFile = Main;
				INFOPLIST_KEY_UISupportedInterfaceOrientations_iPad = "UIInterfaceOrientationPortrait UIInterfaceOrientationPortraitUpsideDown UIInterfaceOrientationLandscapeLeft UIInterfaceOrientationLandscapeRight";
				INFOPLIST_KEY_UISupportedInterfaceOrientations_iPhone = "UIInterfaceOrientationPortrait UIInterfaceOrientationLandscapeLeft UIInterfaceOrientationLandscapeRight";
				LD_RUNPATH_SEARCH_PATHS = (
					"$(inherited)",
					"@executable_path/Frameworks",
				);
				MARKETING_VERSION = 1.0;
				PRODUCT_BUNDLE_IDENTIFIER = com.digis.JSanchezEcommerce;
				PRODUCT_NAME = "$(TARGET_NAME)";
				SWIFT_EMIT_LOC_STRINGS = YES;
				SWIFT_VERSION = 5.0;
				TARGETED_DEVICE_FAMILY = "1,2";
			};
			name = Release;
		};
/* End XCBuildConfiguration section */

/* Begin XCConfigurationList section */
		E38D26E9295BC21400FFA829 /* Build configuration list for PBXProject "JSanchezEcommerce" */ = {
			isa = XCConfigurationList;
			buildConfigurations = (
				E38D2703295BC21500FFA829 /* Debug */,
				E38D2704295BC21500FFA829 /* Release */,
			);
			defaultConfigurationIsVisible = 0;
			defaultConfigurationName = Release;
		};
		E38D2705295BC21500FFA829 /* Build configuration list for PBXNativeTarget "JSanchezEcommerce" */ = {
			isa = XCConfigurationList;
			buildConfigurations = (
				E38D2706295BC21500FFA829 /* Debug */,
				E38D2707295BC21500FFA829 /* Release */,
			);
			defaultConfigurationIsVisible = 0;
			defaultConfigurationName = Release;
		};
/* End XCConfigurationList section */

/* Begin XCVersionGroup section */
		E38D26FA295BC21400FFA829 /* JSanchezEcommerce.xcdatamodeld */ = {
			isa = XCVersionGroup;
			children = (
				E38D26FB295BC21400FFA829 /* JSanchezEcommerce.xcdatamodel */,
			);
			currentVersion = E38D26FB295BC21400FFA829 /* JSanchezEcommerce.xcdatamodel */;
			path = JSanchezEcommerce.xcdatamodeld;
			sourceTree = "<group>";
			versionGroupType = wrapper.xcdatamodel;
		};
/* End XCVersionGroup section */
	};
	rootObject = E38D26E6295BC21400FFA829 /* Project object */;
}
